<?xml version="1.0" encoding="utf-8"?>
<Project ToolsVersion="4.0" xmlns="http://schemas.microsoft.com/developer/msbuild/2003">
  <ItemGroup>
    <Filter Include="Form Files">
      <UniqueIdentifier>{99349809-55BA-4b9d-BF79-8FDBB0286EB3}</UniqueIdentifier>
      <Extensions>ui</Extensions>
      <ParseFiles>false</ParseFiles>
    </Filter>
    <Filter Include="Form Files">
      <UniqueIdentifier>{99349809-55BA-4b9d-BF79-8FDBB0286EB3}</UniqueIdentifier>
      <Extensions>ui</Extensions>
      <ParseFiles>false</ParseFiles>
    </Filter>
    <Filter Include="Generated Files">
      <UniqueIdentifier>{71ED8ED8-ACB9-4CE9-BBE1-E00B30144E11}</UniqueIdentifier>
      <Extensions>cpp;c;cxx;moc;h;def;odl;idl;res;</Extensions>
    </Filter>
    <Filter Include="Generated Files">
      <UniqueIdentifier>{71ED8ED8-ACB9-4CE9-BBE1-E00B30144E11}</UniqueIdentifier>
      <Extensions>cpp;c;cxx;moc;h;def;odl;idl;res;</Extensions>
    </Filter>
    <Filter Include="Header Files">
      <UniqueIdentifier>{93995380-89BD-4b04-88EB-625FBE52EBFB}</UniqueIdentifier>
      <Extensions>h;hpp;hxx;hm;inl;inc;xsd</Extensions>
    </Filter>
    <Filter Include="Header Files">
      <UniqueIdentifier>{93995380-89BD-4b04-88EB-625FBE52EBFB}</UniqueIdentifier>
      <Extensions>h;hpp;hxx;hm;inl;inc;xsd</Extensions>
    </Filter>
    <Filter Include="Resource Files">
      <UniqueIdentifier>{D9D6E242-F8AF-46E4-B9FD-80ECBC20BA3E}</UniqueIdentifier>
      <Extensions>qrc;*</Extensions>
      <ParseFiles>false</ParseFiles>
    </Filter>
    <Filter Include="Resource Files">
      <UniqueIdentifier>{D9D6E242-F8AF-46E4-B9FD-80ECBC20BA3E}</UniqueIdentifier>
      <Extensions>qrc;*</Extensions>
      <ParseFiles>false</ParseFiles>
    </Filter>
    <Filter Include="Source Files">
      <UniqueIdentifier>{4FC737F1-C7A5-4376-A066-2A32D752A2FF}</UniqueIdentifier>
      <Extensions>cpp;c;cxx;def;odl;idl;hpj;bat;asm;asmx</Extensions>
    </Filter>
    <Filter Include="Source Files">
      <UniqueIdentifier>{4FC737F1-C7A5-4376-A066-2A32D752A2FF}</UniqueIdentifier>
      <Extensions>cpp;c;cxx;def;odl;idl;hpj;bat;asm;asmx</Extensions>
    </Filter>
    <Filter Include="Generated Files\Debug">
      <UniqueIdentifier>{dcd8a1ee-1dee-4289-b236-e8875e2fee33}</UniqueIdentifier>
      <Extensions>cpp;moc</Extensions>
      <SourceControlFiles>False</SourceControlFiles>
    </Filter>
    <Filter Include="Generated Files\Release">
      <UniqueIdentifier>{04f43a97-2f0c-491b-a97d-becc4f0ef865}</UniqueIdentifier>
      <Extensions>cpp;moc</Extensions>
      <SourceControlFiles>False</SourceControlFiles>
    </Filter>
  </ItemGroup>
  <ItemGroup>
    <ClCompile Include="appinit.cpp">
      <Filter>Source Files</Filter>
    </ClCompile>
    <ClCompile Include="iconhelper.cpp">
      <Filter>Source Files</Filter>
    </ClCompile>
    <ClCompile Include="main.cpp">
      <Filter>Source Files</Filter>
    </ClCompile>
    <ClCompile Include="uidemo01.cpp">
      <Filter>Source Files</Filter>
    </ClCompile>
    <ClCompile Include="netthread.cpp">
      <Filter>Source Files</Filter>
    </ClCompile>
    <ClCompile Include="GeneratedFiles\Debug\moc_netthread.cpp">
      <Filter>Generated Files\Debug</Filter>
    </ClCompile>
    <ClCompile Include="GeneratedFiles\Release\moc_netthread.cpp">
      <Filter>Generated Files\Release</Filter>
    </ClCompile>
    <ClCompile Include="GeneratedFiles\Debug\moc_uidemo01.cpp">
      <Filter>Generated Files\Debug</Filter>
    </ClCompile>
    <ClCompile Include="GeneratedFiles\Release\moc_uidemo01.cpp">
      <Filter>Generated Files\Release</Filter>
    </ClCompile>
  </ItemGroup>
  <ItemGroup>
    <QtMoc Include="appinit.h">
      <Filter>Header Files</Filter>
    </QtMoc>
    <QtMoc Include="iconhelper.h">
      <Filter>Header Files</Filter>
    </QtMoc>
  </ItemGroup>
  <ItemGroup>
    <ClInclude Include="temp\ui\ui_uidemo01.h">
      <Filter>Generated Files</Filter>
    </ClInclude>
    <ClInclude Include="msg.h">
      <Filter>Header Files</Filter>
    </ClInclude>
  </ItemGroup>
  <ItemGroup>
    <QtUic Include="uidemo01.ui">
      <Filter>Form Files</Filter>
    </QtUic>
  </ItemGroup>
  <ItemGroup>
    <None Include="qss\psblack\add_bottom.png">
      <Filter>Resource Files</Filter>
    </None>
    <None Include="qss\psblack\add_left.png">
      <Filter>Resource Files</Filter>
    </None>
    <None Include="qss\psblack\add_right.png">
      <Filter>Resource Files</Filter>
    </None>
    <None Include="qss\psblack\add_top.png">
      <Filter>Resource Files</Filter>
    </None>
    <None Include="qss\psblack\branch_close.png">
      <Filter>Resource Files</Filter>
    </None>
    <None Include="qss\psblack\branch_open.png">
      <Filter>Resource Files</Filter>
    </None>
    <None Include="qss\psblack\calendar_nextmonth.png">
      <Filter>Resource Files</Filter>
    </None>
    <None Include="qss\psblack\calendar_prevmonth.png">
      <Filter>Resource Files</Filter>
    </None>
    <None Include="qss\psblack\checkbox_checked.png">
      <Filter>Resource Files</Filter>
    </None>
    <None Include="qss\psblack\checkbox_checked_disable.png">
      <Filter>Resource Files</Filter>
    </None>
    <None Include="qss\psblack\checkbox_parcial.png">
      <Filter>Resource Files</Filter>
    </None>
    <None Include="qss\psblack\checkbox_parcial_disable.png">
      <Filter>Resource Files</Filter>
    </None>
    <None Include="qss\psblack\checkbox_unchecked.png">
      <Filter>Resource Files</Filter>
    </None>
    <None Include="qss\psblack\checkbox_unchecked_disable.png">
      <Filter>Resource Files</Filter>
    </None>
    <None Include="image\fontawesome-webfont.ttf">
      <Filter>Resource Files</Filter>
    </None>
    <QtRcc Include="main.qrc">
      <Filter>Resource Files</Filter>
    </QtRcc>
    <None Include="image\main_about.png">
      <Filter>Resource Files</Filter>
    </None>
    <None Include="image\main_company.png">
      <Filter>Resource Files</Filter>
    </None>
    <None Include="image\main_config.png">
      <Filter>Resource Files</Filter>
    </None>
    <None Include="image\main_data.png">
      <Filter>Resource Files</Filter>
    </None>
    <None Include="image\main_exit.png">
      <Filter>Resource Files</Filter>
    </None>
    <None Include="image\main_help.png">
      <Filter>Resource Files</Filter>
    </None>
    <None Include="image\main_main.png">
      <Filter>Resource Files</Filter>
    </None>
    <None Include="image\main_person.png">
      <Filter>Resource Files</Filter>
    </None>
    <None Include="qss\psblack.css">
      <Filter>Resource Files</Filter>
    </None>
    <QtRcc Include="qss.qrc">
      <Filter>Resource Files</Filter>
    </QtRcc>
    <None Include="qss\psblack\radiobutton_checked.png">
      <Filter>Resource Files</Filter>
    </None>
    <None Include="qss\psblack\radiobutton_checked_disable.png">
      <Filter>Resource Files</Filter>
    </None>
    <None Include="qss\psblack\radiobutton_unchecked.png">
      <Filter>Resource Files</Filter>
    </None>
    <None Include="qss\psblack\radiobutton_unchecked_disable.png">
      <Filter>Resource Files</Filter>
    </None>
  </ItemGroup>
  <ItemGroup>
    <CustomBuild Include="netthread.h">
      <Filter>Header Files</Filter>
    </CustomBuild>
    <CustomBuild Include="uidemo01.h">
      <Filter>Header Files</Filter>
    </CustomBuild>
  </ItemGroup>
</Project>